
Microsoft Visual Studio Solution File, Format Version 10.00
# Visual Studio 2008
Project("{8BC9CEB8-8B4A-11D0-8D11-00A0C91BC942}") = "binary_search_tree", "..\bst\binary_search_tree\binary_search_tree.vcproj", "{F7A1B702-6AF7-4B03-9B0A-F98AACD180E7}"
EndProject
Project("{2150E333-8FDC-42A3-9474-1A3956D46DE8}") = "BST", "BST", "{91747F6A-2757-4936-9E49-54BCA21D5EF9}"
EndProject
Project("{8BC9CEB8-8B4A-11D0-8D11-00A0C91BC942}") = "merge_two_sored_lists", "..\merge two sored lists\merge_two_sored_lists\merge_two_sored_lists.vcproj", "{4F602DB0-F374-49C6-81E2-909329601879}"
EndProject
Project("{8BC9CEB8-8B4A-11D0-8D11-00A0C91BC942}") = "single_number", "..\single number\single_number\single_number.vcproj", "{21A8C97B-0868-4147-A229-4F81D6C6EBAE}"
EndProject
Project("{2150E333-8FDC-42A3-9474-1A3956D46DE8}") = "single number", "single number", "{33A93BD5-FC6D-443B-B0D4-E1FC21BF8790}"
EndProject
Project("{8BC9CEB8-8B4A-11D0-8D11-00A0C91BC942}") = "single_number_test", "..\single number\single_number_test\single_number_test.vcproj", "{32C2B04E-DE36-42F9-B03F-0C32010EE0E6}"
EndProject
Project("{2150E333-8FDC-42A3-9474-1A3956D46DE8}") = "Two Sum", "Two Sum", "{066266E5-CC90-4C33-82E1-8C9B4A4766A0}"
EndProject
Project("{8BC9CEB8-8B4A-11D0-8D11-00A0C91BC942}") = "two_sum", "..\Two Sum\two_sum\two_sum.vcproj", "{278CCEFA-6222-4224-9FE8-FAC6F55D25F1}"
EndProject
Project("{8BC9CEB8-8B4A-11D0-8D11-00A0C91BC942}") = "two_sum_test", "..\Two Sum\two_sum_test\two_sum_test.vcproj", "{5E158F0B-47C9-458A-8541-6CED8CB8089B}"
EndProject
Project("{8BC9CEB8-8B4A-11D0-8D11-00A0C91BC942}") = "reverse_integer", "..\Reverse Integer\reverse_integer\reverse_integer.vcproj", "{C84B9A54-C7F3-4A36-9561-2EA57A14C45A}"
EndProject
Project("{2150E333-8FDC-42A3-9474-1A3956D46DE8}") = "Reverse Integer", "Reverse Integer", "{330B65C4-151B-485F-B66D-98FA4399524F}"
EndProject
Project("{8BC9CEB8-8B4A-11D0-8D11-00A0C91BC942}") = "string_to_integer", "..\String to Integer\string_to_integer\string_to_integer.vcproj", "{923E0C8D-649B-4443-9E11-CFF8EA1F0F8D}"
EndProject
Project("{8BC9CEB8-8B4A-11D0-8D11-00A0C91BC942}") = "palindrome_number", "..\Palindrome Number\palindrome_number\palindrome_number.vcproj", "{A1ACD83E-B3D5-490C-9797-AC999FF13241}"
EndProject
Project("{8BC9CEB8-8B4A-11D0-8D11-00A0C91BC942}") = "longest_common_prefix", "..\Longest Common Prefix\longest_common_prefix\longest_common_prefix.vcproj", "{26AE8D7E-D7A4-473D-ACDC-7DBA6B990962}"
EndProject
Project("{8BC9CEB8-8B4A-11D0-8D11-00A0C91BC942}") = "remove_Nth_node_from_end_of_list", "..\Remove Nth Node From End of List\remove_Nth_node_from_end_of_list\remove_Nth_node_from_end_of_list.vcproj", "{4327F3F6-C937-4B83-B28D-E673D5F28077}"
EndProject
Project("{8BC9CEB8-8B4A-11D0-8D11-00A0C91BC942}") = "valid_parentheses", "..\Valid Parentheses\valid_parentheses\valid_parentheses.vcproj", "{D763280A-A29F-48CC-B64C-C801FB87B623}"
EndProject
Project("{8BC9CEB8-8B4A-11D0-8D11-00A0C91BC942}") = "swap_nodes_in_pairs", "..\Swap Nodes in Pairs\swap_nodes_in_pairs\swap_nodes_in_pairs.vcproj", "{2E816D89-5C4E-4BD9-8B4A-73ACA68240F0}"
EndProject
Project("{8BC9CEB8-8B4A-11D0-8D11-00A0C91BC942}") = "remove_duplicates_from_sorted_array", "..\Remove Duplicates from Sorted Array\remove_duplicates_from_sorted_array\remove_duplicates_from_sorted_array.vcproj", "{B45003BD-2BE6-487C-98E6-8E310CC1E60C}"
EndProject
Project("{8BC9CEB8-8B4A-11D0-8D11-00A0C91BC942}") = "remove_element", "..\Remove Element\remove_element\remove_element.vcproj", "{7A56BA92-093E-4240-9AD7-683917E455A7}"
EndProject
Global
	GlobalSection(SolutionConfigurationPlatforms) = preSolution
		Debug|Win32 = Debug|Win32
		Release|Win32 = Release|Win32
	EndGlobalSection
	GlobalSection(ProjectConfigurationPlatforms) = postSolution
		{F7A1B702-6AF7-4B03-9B0A-F98AACD180E7}.Debug|Win32.ActiveCfg = Debug|Win32
		{F7A1B702-6AF7-4B03-9B0A-F98AACD180E7}.Debug|Win32.Build.0 = Debug|Win32
		{F7A1B702-6AF7-4B03-9B0A-F98AACD180E7}.Release|Win32.ActiveCfg = Release|Win32
		{F7A1B702-6AF7-4B03-9B0A-F98AACD180E7}.Release|Win32.Build.0 = Release|Win32
		{4F602DB0-F374-49C6-81E2-909329601879}.Debug|Win32.ActiveCfg = Debug|Win32
		{4F602DB0-F374-49C6-81E2-909329601879}.Debug|Win32.Build.0 = Debug|Win32
		{4F602DB0-F374-49C6-81E2-909329601879}.Release|Win32.ActiveCfg = Release|Win32
		{4F602DB0-F374-49C6-81E2-909329601879}.Release|Win32.Build.0 = Release|Win32
		{21A8C97B-0868-4147-A229-4F81D6C6EBAE}.Debug|Win32.ActiveCfg = Debug|Win32
		{21A8C97B-0868-4147-A229-4F81D6C6EBAE}.Debug|Win32.Build.0 = Debug|Win32
		{21A8C97B-0868-4147-A229-4F81D6C6EBAE}.Release|Win32.ActiveCfg = Release|Win32
		{21A8C97B-0868-4147-A229-4F81D6C6EBAE}.Release|Win32.Build.0 = Release|Win32
		{32C2B04E-DE36-42F9-B03F-0C32010EE0E6}.Debug|Win32.ActiveCfg = Debug|Win32
		{32C2B04E-DE36-42F9-B03F-0C32010EE0E6}.Debug|Win32.Build.0 = Debug|Win32
		{32C2B04E-DE36-42F9-B03F-0C32010EE0E6}.Release|Win32.ActiveCfg = Release|Win32
		{32C2B04E-DE36-42F9-B03F-0C32010EE0E6}.Release|Win32.Build.0 = Release|Win32
		{278CCEFA-6222-4224-9FE8-FAC6F55D25F1}.Debug|Win32.ActiveCfg = Debug|Win32
		{278CCEFA-6222-4224-9FE8-FAC6F55D25F1}.Debug|Win32.Build.0 = Debug|Win32
		{278CCEFA-6222-4224-9FE8-FAC6F55D25F1}.Release|Win32.ActiveCfg = Release|Win32
		{278CCEFA-6222-4224-9FE8-FAC6F55D25F1}.Release|Win32.Build.0 = Release|Win32
		{5E158F0B-47C9-458A-8541-6CED8CB8089B}.Debug|Win32.ActiveCfg = Debug|Win32
		{5E158F0B-47C9-458A-8541-6CED8CB8089B}.Debug|Win32.Build.0 = Debug|Win32
		{5E158F0B-47C9-458A-8541-6CED8CB8089B}.Release|Win32.ActiveCfg = Release|Win32
		{5E158F0B-47C9-458A-8541-6CED8CB8089B}.Release|Win32.Build.0 = Release|Win32
		{C84B9A54-C7F3-4A36-9561-2EA57A14C45A}.Debug|Win32.ActiveCfg = Debug|Win32
		{C84B9A54-C7F3-4A36-9561-2EA57A14C45A}.Debug|Win32.Build.0 = Debug|Win32
		{C84B9A54-C7F3-4A36-9561-2EA57A14C45A}.Release|Win32.ActiveCfg = Release|Win32
		{C84B9A54-C7F3-4A36-9561-2EA57A14C45A}.Release|Win32.Build.0 = Release|Win32
		{923E0C8D-649B-4443-9E11-CFF8EA1F0F8D}.Debug|Win32.ActiveCfg = Debug|Win32
		{923E0C8D-649B-4443-9E11-CFF8EA1F0F8D}.Debug|Win32.Build.0 = Debug|Win32
		{923E0C8D-649B-4443-9E11-CFF8EA1F0F8D}.Release|Win32.ActiveCfg = Release|Win32
		{923E0C8D-649B-4443-9E11-CFF8EA1F0F8D}.Release|Win32.Build.0 = Release|Win32
		{A1ACD83E-B3D5-490C-9797-AC999FF13241}.Debug|Win32.ActiveCfg = Debug|Win32
		{A1ACD83E-B3D5-490C-9797-AC999FF13241}.Debug|Win32.Build.0 = Debug|Win32
		{A1ACD83E-B3D5-490C-9797-AC999FF13241}.Release|Win32.ActiveCfg = Release|Win32
		{A1ACD83E-B3D5-490C-9797-AC999FF13241}.Release|Win32.Build.0 = Release|Win32
		{26AE8D7E-D7A4-473D-ACDC-7DBA6B990962}.Debug|Win32.ActiveCfg = Debug|Win32
		{26AE8D7E-D7A4-473D-ACDC-7DBA6B990962}.Debug|Win32.Build.0 = Debug|Win32
		{26AE8D7E-D7A4-473D-ACDC-7DBA6B990962}.Release|Win32.ActiveCfg = Release|Win32
		{26AE8D7E-D7A4-473D-ACDC-7DBA6B990962}.Release|Win32.Build.0 = Release|Win32
		{4327F3F6-C937-4B83-B28D-E673D5F28077}.Debug|Win32.ActiveCfg = Debug|Win32
		{4327F3F6-C937-4B83-B28D-E673D5F28077}.Debug|Win32.Build.0 = Debug|Win32
		{4327F3F6-C937-4B83-B28D-E673D5F28077}.Release|Win32.ActiveCfg = Release|Win32
		{4327F3F6-C937-4B83-B28D-E673D5F28077}.Release|Win32.Build.0 = Release|Win32
		{D763280A-A29F-48CC-B64C-C801FB87B623}.Debug|Win32.ActiveCfg = Debug|Win32
		{D763280A-A29F-48CC-B64C-C801FB87B623}.Debug|Win32.Build.0 = Debug|Win32
		{D763280A-A29F-48CC-B64C-C801FB87B623}.Release|Win32.ActiveCfg = Release|Win32
		{D763280A-A29F-48CC-B64C-C801FB87B623}.Release|Win32.Build.0 = Release|Win32
		{2E816D89-5C4E-4BD9-8B4A-73ACA68240F0}.Debug|Win32.ActiveCfg = Debug|Win32
		{2E816D89-5C4E-4BD9-8B4A-73ACA68240F0}.Debug|Win32.Build.0 = Debug|Win32
		{2E816D89-5C4E-4BD9-8B4A-73ACA68240F0}.Release|Win32.ActiveCfg = Release|Win32
		{2E816D89-5C4E-4BD9-8B4A-73ACA68240F0}.Release|Win32.Build.0 = Release|Win32
		{B45003BD-2BE6-487C-98E6-8E310CC1E60C}.Debug|Win32.ActiveCfg = Debug|Win32
		{B45003BD-2BE6-487C-98E6-8E310CC1E60C}.Debug|Win32.Build.0 = Debug|Win32
		{B45003BD-2BE6-487C-98E6-8E310CC1E60C}.Release|Win32.ActiveCfg = Release|Win32
		{B45003BD-2BE6-487C-98E6-8E310CC1E60C}.Release|Win32.Build.0 = Release|Win32
		{7A56BA92-093E-4240-9AD7-683917E455A7}.Debug|Win32.ActiveCfg = Debug|Win32
		{7A56BA92-093E-4240-9AD7-683917E455A7}.Debug|Win32.Build.0 = Debug|Win32
		{7A56BA92-093E-4240-9AD7-683917E455A7}.Release|Win32.ActiveCfg = Release|Win32
		{7A56BA92-093E-4240-9AD7-683917E455A7}.Release|Win32.Build.0 = Release|Win32
	EndGlobalSection
	GlobalSection(SolutionProperties) = preSolution
		HideSolutionNode = FALSE
	EndGlobalSection
	GlobalSection(NestedProjects) = preSolution
		{F7A1B702-6AF7-4B03-9B0A-F98AACD180E7} = {91747F6A-2757-4936-9E49-54BCA21D5EF9}
		{21A8C97B-0868-4147-A229-4F81D6C6EBAE} = {33A93BD5-FC6D-443B-B0D4-E1FC21BF8790}
		{32C2B04E-DE36-42F9-B03F-0C32010EE0E6} = {33A93BD5-FC6D-443B-B0D4-E1FC21BF8790}
		{278CCEFA-6222-4224-9FE8-FAC6F55D25F1} = {066266E5-CC90-4C33-82E1-8C9B4A4766A0}
		{5E158F0B-47C9-458A-8541-6CED8CB8089B} = {066266E5-CC90-4C33-82E1-8C9B4A4766A0}
		{C84B9A54-C7F3-4A36-9561-2EA57A14C45A} = {330B65C4-151B-485F-B66D-98FA4399524F}
	EndGlobalSection
EndGlobal
