
Microsoft Visual Studio Solution File, Format Version 10.00
# Visual Studio 2008
Project("{8BC9CEB8-8B4A-11D0-8D11-00A0C91BC942}") = "cpplog", "cpplog.vcproj", "{8D22E9EE-967E-4DAF-998D-3B229F9410E8}"
EndProject
Global
	GlobalSection(SolutionConfigurationPlatforms) = preSolution
		Debug|Win32 = Debug|Win32
		Release|Win32 = Release|Win32
	EndGlobalSection
	GlobalSection(ProjectConfigurationPlatforms) = postSolution
		{8D22E9EE-967E-4DAF-998D-3B229F9410E8}.Debug|Win32.ActiveCfg = Debug|Win32
		{8D22E9EE-967E-4DAF-998D-3B229F9410E8}.Debug|Win32.Build.0 = Debug|Win32
		{8D22E9EE-967E-4DAF-998D-3B229F9410E8}.Release|Win32.ActiveCfg = Release|Win32
		{8D22E9EE-967E-4DAF-998D-3B229F9410E8}.Release|Win32.Build.0 = Release|Win32
	EndGlobalSection
	GlobalSection(SolutionProperties) = preSolution
		HideSolutionNode = FALSE
	EndGlobalSection
EndGlobal
